
Microsoft Visual Studio Solution File, Format Version 12.00
# Visual Studio Version 17
VisualStudioVersion = 17.11.35312.102
MinimumVisualStudioVersion = 10.0.40219.1
Project("{9A19103F-16F7-4668-BE54-9A1E7A4F7556}") = "Application", "Application\Application.csproj", "{A6655A3F-8A2E-4BF8-8F82-288C2DC52B62}"
EndProject
Project("{9A19103F-16F7-4668-BE54-9A1E7A4F7556}") = "Domain", "Domain\Domain.csproj", "{A4BCC3AB-73CF-44B5-8C07-859C52E88B42}"
EndProject
Project("{9A19103F-16F7-4668-BE54-9A1E7A4F7556}") = "WebApi", "WebApi\WebApi.csproj", "{2910BEB8-2B30-41C3-9956-556B9C919362}"
EndProject
Project("{FAE04EC0-301F-11D3-BF4B-00C04F79EFBC}") = "UnitTests", "UnitTests\UnitTests.csproj", "{ADD9F88D-E644-4E96-8167-8F96BF1F3B03}"
EndProject
Project("{2150E333-8FDC-42A3-9474-1A3956D46DE8}") = "test", "test", "{F487E318-B130-4223-B7F0-7D3ECFA91757}"
EndProject
Project("{2150E333-8FDC-42A3-9474-1A3956D46DE8}") = "app", "app", "{A4AFCAD4-2C88-4A38-81B0-9DFC194ADA9C}"
EndProject
Global
	GlobalSection(SolutionConfigurationPlatforms) = preSolution
		Debug|Any CPU = Debug|Any CPU
		Release|Any CPU = Release|Any CPU
	EndGlobalSection
	GlobalSection(ProjectConfigurationPlatforms) = postSolution
		{A6655A3F-8A2E-4BF8-8F82-288C2DC52B62}.Debug|Any CPU.ActiveCfg = Debug|Any CPU
		{A6655A3F-8A2E-4BF8-8F82-288C2DC52B62}.Debug|Any CPU.Build.0 = Debug|Any CPU
		{A6655A3F-8A2E-4BF8-8F82-288C2DC52B62}.Release|Any CPU.ActiveCfg = Release|Any CPU
		{A6655A3F-8A2E-4BF8-8F82-288C2DC52B62}.Release|Any CPU.Build.0 = Release|Any CPU
		{A4BCC3AB-73CF-44B5-8C07-859C52E88B42}.Debug|Any CPU.ActiveCfg = Debug|Any CPU
		{A4BCC3AB-73CF-44B5-8C07-859C52E88B42}.Debug|Any CPU.Build.0 = Debug|Any CPU
		{A4BCC3AB-73CF-44B5-8C07-859C52E88B42}.Release|Any CPU.ActiveCfg = Release|Any CPU
		{A4BCC3AB-73CF-44B5-8C07-859C52E88B42}.Release|Any CPU.Build.0 = Release|Any CPU
		{2910BEB8-2B30-41C3-9956-556B9C919362}.Debug|Any CPU.ActiveCfg = Debug|Any CPU
		{2910BEB8-2B30-41C3-9956-556B9C919362}.Debug|Any CPU.Build.0 = Debug|Any CPU
		{2910BEB8-2B30-41C3-9956-556B9C919362}.Release|Any CPU.ActiveCfg = Release|Any CPU
		{2910BEB8-2B30-41C3-9956-556B9C919362}.Release|Any CPU.Build.0 = Release|Any CPU
		{ADD9F88D-E644-4E96-8167-8F96BF1F3B03}.Debug|Any CPU.ActiveCfg = Debug|Any CPU
		{ADD9F88D-E644-4E96-8167-8F96BF1F3B03}.Debug|Any CPU.Build.0 = Debug|Any CPU
		{ADD9F88D-E644-4E96-8167-8F96BF1F3B03}.Release|Any CPU.ActiveCfg = Release|Any CPU
		{ADD9F88D-E644-4E96-8167-8F96BF1F3B03}.Release|Any CPU.Build.0 = Release|Any CPU
	EndGlobalSection
	GlobalSection(SolutionProperties) = preSolution
		HideSolutionNode = FALSE
	EndGlobalSection
	GlobalSection(NestedProjects) = preSolution
		{A6655A3F-8A2E-4BF8-8F82-288C2DC52B62} = {A4AFCAD4-2C88-4A38-81B0-9DFC194ADA9C}
		{A4BCC3AB-73CF-44B5-8C07-859C52E88B42} = {A4AFCAD4-2C88-4A38-81B0-9DFC194ADA9C}
		{2910BEB8-2B30-41C3-9956-556B9C919362} = {A4AFCAD4-2C88-4A38-81B0-9DFC194ADA9C}
		{ADD9F88D-E644-4E96-8167-8F96BF1F3B03} = {F487E318-B130-4223-B7F0-7D3ECFA91757}
	EndGlobalSection
	GlobalSection(ExtensibilityGlobals) = postSolution
		SolutionGuid = {E643C876-B1AF-461C-A79E-024D13EAA7AC}
	EndGlobalSection
EndGlobal
